{
  "name": "@github/copilot-installer",
  "version": "1.0.0",
  "lockfileVersion": 3,
  "requires": true,
  "packages": {
    "": {
      "name": "@github/copilot-installer",
      "version": "1.0.0",
      "dependencies": {
        "@github/copilot": "^1.0.63"
      }
    },
    "node_modules/@github/copilot": {
      "version": "1.0.63",
      "resolved": "https://registry.npmjs.org/@github/copilot/-/copilot-1.0.63.tgz",
      "integrity": "sha512-e8DRYiWJQc4kepVXsXjC8vpDU2FXS/TfR+Z6p/KAojfcwIUZzKMAfCV5D1lD25hV4CryVH1Z9t7mHqChickj0Q==",
      "license": "SEE LICENSE IN LICENSE.md",
      "bin": {
        "copilot": "npm-loader.js"
      },
      "dependencies": {
        "detect-libc": "^2.1.2",
        "os-theme": "^0.0.8"
      },
      "optionalDependencies": {
        "@github/copilot-darwin-arm64": "1.0.63",
        "@github/copilot-darwin-x64": "1.0.63",
        "@github/copilot-linux-arm64": "1.0.63",
        "@github/copilot-linux-x64": "1.0.63",
        "@github/copilot-linuxmusl-arm64": "1.0.63",
        "@github/copilot-linuxmusl-x64": "1.0.63",
        "@github/copilot-win32-arm64": "1.0.63",
        "@github/copilot-win32-x64": "1.0.63"
      }
    },
    "node_modules/@github/copilot/node_modules/@github/copilot-darwin-arm64": {
      "version": "1.0.63",
      "resolved": "https://registry.npmjs.org/@github/copilot-darwin-arm64/-/copilot-darwin-arm64-1.0.63.tgz",
      "integrity": "sha512-z6CMBxNDlKvT6bvOpqhu4M2bhb0daEbVwSe9SN9WfDUJbt7bpoL7OKKas428iyPSWHoL2WXwxSsy/FjIwSLV6w==",
      "cpu": [
        "arm64"
      ],
      "license": "SEE LICENSE IN LICENSE.md",
      "optional": true,
      "os": [
        "darwin"
      ],
      "bin": {
        "copilot-darwin-arm64": "copilot"
      }
    },
    "node_modules/@github/copilot/node_modules/@github/copilot-darwin-x64": {
      "version": "1.0.63",
      "resolved": "https://registry.npmjs.org/@github/copilot-darwin-x64/-/copilot-darwin-x64-1.0.63.tgz",
      "integrity": "sha512-YKd7cXZgAGxhudzrtWdWh2NS35p2G5bV22Gz3jhEyBTqmq45o4sD4OwO87+UpkvM+3nZpwsHaLd3a+ILYX6OXg==",
      "cpu": [
        "x64"
      ],
      "license": "SEE LICENSE IN LICENSE.md",
      "optional": true,
      "os": [
        "darwin"
      ],
      "bin": {
        "copilot-darwin-x64": "copilot"
      }
    },
    "node_modules/@github/copilot/node_modules/@github/copilot-linux-arm64": {
      "version": "1.0.63",
      "resolved": "https://registry.npmjs.org/@github/copilot-linux-arm64/-/copilot-linux-arm64-1.0.63.tgz",
      "integrity": "sha512-A3DOeEfmsJH9j1N+QLc7WXmESBskbezmhDyhyAJcHkw0ngRbKctuWQf/evUHFMh/kgwy1Lr/+9jXJm3NZqr0MA==",
      "cpu": [
        "arm64"
      ],
      "license": "SEE LICENSE IN LICENSE.md",
      "optional": true,
      "os": [
        "linux"
      ],
      "bin": {
        "copilot-linux-arm64": "copilot"
      }
    },
    "node_modules/@github/copilot/node_modules/@github/copilot-linux-x64": {
      "version": "1.0.63",
      "resolved": "https://registry.npmjs.org/@github/copilot-linux-x64/-/copilot-linux-x64-1.0.63.tgz",
      "integrity": "sha512-OMKfZJRoDaJOV7vuWX/nFPNdLa9/H+nhajdE83v4YT9mKLXr86aWrkXE3pPoDYsKWvgQFHg4APA6oZPao0Fyow==",
      "cpu": [
        "x64"
      ],
      "license": "SEE LICENSE IN LICENSE.md",
      "optional": true,
      "os": [
        "linux"
      ],
      "bin": {
        "copilot-linux-x64": "copilot"
      }
    },
    "node_modules/@github/copilot/node_modules/@github/copilot-linuxmusl-arm64": {
      "version": "1.0.63",
      "resolved": "https://registry.npmjs.org/@github/copilot-linuxmusl-arm64/-/copilot-linuxmusl-arm64-1.0.63.tgz",
      "integrity": "sha512-jcIo6B3uHgcOluNfUHp+6atShKKrXYBPLaRyF6aDT699lwI83gW9KTDuEvDs5FDg8qWsWFfOl+al2dkWDYD3CQ==",
      "cpu": [
        "arm64"
      ],
      "license": "SEE LICENSE IN LICENSE.md",
      "optional": true,
      "os": [
        "linux"
      ],
      "bin": {
        "copilot-linuxmusl-arm64": "copilot"
      }
    },
    "node_modules/@github/copilot/node_modules/@github/copilot-linuxmusl-x64": {
      "version": "1.0.63",
      "resolved": "https://registry.npmjs.org/@github/copilot-linuxmusl-x64/-/copilot-linuxmusl-x64-1.0.63.tgz",
      "integrity": "sha512-BEdBbEF3fG7VqXzuaAY4JtmbdGSkpJFeb2ZQYaMpq7OP3aS7ssGe1cCX8ehZNegcMM/eb4GC6PXNXsvl3X/PAQ==",
      "cpu": [
        "x64"
      ],
      "license": "SEE LICENSE IN LICENSE.md",
      "optional": true,
      "os": [
        "linux"
      ],
      "bin": {
        "copilot-linuxmusl-x64": "copilot"
      }
    },
    "node_modules/@github/copilot/node_modules/@github/copilot-win32-arm64": {
      "version": "1.0.63",
      "resolved": "https://registry.npmjs.org/@github/copilot-win32-arm64/-/copilot-win32-arm64-1.0.63.tgz",
      "integrity": "sha512-7FqUwOmtoeBoOn4zkKQqRL+WGFwektVRSr5Po2FvPAbKxGXGyFXApZTmRLqVcHhMKDRzMb8KLST1LU1TMTY/wg==",
      "cpu": [
        "arm64"
      ],
      "license": "SEE LICENSE IN LICENSE.md",
      "optional": true,
      "os": [
        "win32"
      ],
      "bin": {
        "copilot-win32-arm64": "copilot.exe"
      }
    },
    "node_modules/@github/copilot/node_modules/@github/copilot-win32-x64": {
      "version": "1.0.63",
      "resolved": "https://registry.npmjs.org/@github/copilot-win32-x64/-/copilot-win32-x64-1.0.63.tgz",
      "integrity": "sha512-RC/6y9KHdw/YRCrCEksF2RzbeblfBUNE7bkYZxygaQGYThuv1GeZL2YD2jVqxC2LxKzsUmWGvwEMxerfR6pmeQ==",
      "cpu": [
        "x64"
      ],
      "license": "SEE LICENSE IN LICENSE.md",
      "optional": true,
      "os": [
        "win32"
      ],
      "bin": {
        "copilot-win32-x64": "copilot.exe"
      }
    },
    "node_modules/@github/copilot/node_modules/detect-libc": {
      "version": "2.1.2",
      "resolved": "https://registry.npmjs.org/detect-libc/-/detect-libc-2.1.2.tgz",
      "integrity": "sha512-Btj2BOOO83o3WyH59e8MgXsxEQVcarkUOpEYrubB0urwnN10yQ364rsiByU11nZlqWYZm05i/of7io4mzihBtQ==",
      "license": "Apache-2.0"
    },
    "node_modules/@github/copilot/node_modules/os-theme": {
      "version": "0.0.8",
      "resolved": "https://registry.npmjs.org/os-theme/-/os-theme-0.0.8.tgz",
      "integrity": "sha512-u1q3bLSv5uMHNIiPItkfDrHXu6ZFs2juwqxWREFM/uVBa+7Kkhy2v49LmJev2JcinGwqiEccElB/XsH9gwasuA==",
      "license": "MIT"
    }
  }
}
